
Microsoft Visual Studio Solution File, Format Version 12.00
# Visual Studio Version 16
VisualStudioVersion = 16.0.33423.256
MinimumVisualStudioVersion = 10.0.40219.1
Project("{FAE04EC0-301F-11D3-BF4B-00C04F79EFBC}") = "Assembly-CSharp", "Assembly-CSharp.csproj", "{12231F99-A9E6-0DE0-905B-8EC3E4C650EC}"
EndProject
Project("{2150E333-8FDC-42A3-9474-1A3956D46DE8}") = "Solution Items", "Solution Items", "{DA8F13AE-4AC1-4777-9A11-AC67B0E17D3E}"
	ProjectSection(SolutionItems) = preProject
		.editorconfig = .editorconfig
	EndProjectSection
EndProject
Global
	GlobalSection(SolutionConfigurationPlatforms) = preSolution
		Debug|Any CPU = Debug|Any CPU
		Release|Any CPU = Release|Any CPU
	EndGlobalSection
	GlobalSection(ProjectConfigurationPlatforms) = postSolution
		{12231F99-A9E6-0DE0-905B-8EC3E4C650EC}.Debug|Any CPU.ActiveCfg = Debug|Any CPU
		{12231F99-A9E6-0DE0-905B-8EC3E4C650EC}.Debug|Any CPU.Build.0 = Debug|Any CPU
		{12231F99-A9E6-0DE0-905B-8EC3E4C650EC}.Release|Any CPU.ActiveCfg = Release|Any CPU
		{12231F99-A9E6-0DE0-905B-8EC3E4C650EC}.Release|Any CPU.Build.0 = Release|Any CPU
	EndGlobalSection
	GlobalSection(SolutionProperties) = preSolution
		HideSolutionNode = FALSE
	EndGlobalSection
	GlobalSection(ExtensibilityGlobals) = postSolution
		SolutionGuid = {658E38DA-5AD2-4CD3-8491-5034C47E565D}
	EndGlobalSection
EndGlobal
